// !$*UTF8*$!
{
	archiveVersion = 1;
	classes = {
	};
	objectVersion = 77;
	objects = {

/* Begin PBXBuildFile section */
		1EA83F1FF208F115611A1F04 /* GrantCalculator.swift in Sources */ = {isa = PBXBuildFile; fileRef = 369A8AB65F3E23246A174751 /* GrantCalculator.swift */; };
		1F93E8993DE9413CF3E068EC /* SupportViews.swift in Sources */ = {isa = PBXBuildFile; fileRef = 5A60B8CE9FC92C5A9928C110 /* SupportViews.swift */; };
		27FA8E5DEEB0D2212E31A7BD /* CatalogViews.swift in Sources */ = {isa = PBXBuildFile; fileRef = 6E8BA9CE3E0A5CDE50E67485 /* CatalogViews.swift */; };
		2DDCBBBF82EACAEEC064179D /* Models.swift in Sources */ = {isa = PBXBuildFile; fileRef = 28F4BA980C833D1E1A903B7B /* Models.swift */; };
		C316CCAD47BC4E23570FD3BF /* Assets.xcassets in Resources */ = {isa = PBXBuildFile; fileRef = CB0AEC1F624DA71BC8ABF2EF /* Assets.xcassets */; };
		D1F5BF620867124FEA2D6605 /* TertiaryCoursesApp.swift in Sources */ = {isa = PBXBuildFile; fileRef = A68D36D06252C0C6543E6C6D /* TertiaryCoursesApp.swift */; };
/* End PBXBuildFile section */

/* Begin PBXFileReference section */
		28F4BA980C833D1E1A903B7B /* Models.swift */ = {isa = PBXFileReference; lastKnownFileType = sourcecode.swift; path = Models.swift; sourceTree = "<group>"; };
		369A8AB65F3E23246A174751 /* GrantCalculator.swift */ = {isa = PBXFileReference; lastKnownFileType = sourcecode.swift; path = GrantCalculator.swift; sourceTree = "<group>"; };
		392F6EDC7DF6073F52091784 /* TertiaryCourses.app */ = {isa = PBXFileReference; includeInIndex = 0; lastKnownFileType = wrapper.application; path = TertiaryCourses.app; sourceTree = BUILT_PRODUCTS_DIR; };
		462823A25BA4DB21AA6DE6F4 /* Info.plist */ = {isa = PBXFileReference; lastKnownFileType = text.plist; path = Info.plist; sourceTree = "<group>"; };
		5A60B8CE9FC92C5A9928C110 /* SupportViews.swift */ = {isa = PBXFileReference; lastKnownFileType = sourcecode.swift; path = SupportViews.swift; sourceTree = "<group>"; };
		6E8BA9CE3E0A5CDE50E67485 /* CatalogViews.swift */ = {isa = PBXFileReference; lastKnownFileType = sourcecode.swift; path = CatalogViews.swift; sourceTree = "<group>"; };
		A68D36D06252C0C6543E6C6D /* TertiaryCoursesApp.swift */ = {isa = PBXFileReference; lastKnownFileType = sourcecode.swift; path = TertiaryCoursesApp.swift; sourceTree = "<group>"; };
		CB0AEC1F624DA71BC8ABF2EF /* Assets.xcassets */ = {isa = PBXFileReference; lastKnownFileType = folder.assetcatalog; path = Assets.xcassets; sourceTree = "<group>"; };
/* End PBXFileReference section */

/* Begin PBXGroup section */
		506596459C20DD865B141C12 /* TertiaryCoursesApp */ = {
			isa = PBXGroup;
			children = (
				CB0AEC1F624DA71BC8ABF2EF /* Assets.xcassets */,
				6E8BA9CE3E0A5CDE50E67485 /* CatalogViews.swift */,
				369A8AB65F3E23246A174751 /* GrantCalculator.swift */,
				462823A25BA4DB21AA6DE6F4 /* Info.plist */,
				28F4BA980C833D1E1A903B7B /* Models.swift */,
				5A60B8CE9FC92C5A9928C110 /* SupportViews.swift */,
				A68D36D06252C0C6543E6C6D /* TertiaryCoursesApp.swift */,
			);
			path = TertiaryCoursesApp;
			sourceTree = "<group>";
		};
		CCCE1AB56F63E01C642CDE7E = {
			isa = PBXGroup;
			children = (
				506596459C20DD865B141C12 /* TertiaryCoursesApp */,
				F046941098FAC91361010C79 /* Products */,
			);
			sourceTree = "<group>";
		};
		F046941098FAC91361010C79 /* Products */ = {
			isa = PBXGroup;
			children = (
				392F6EDC7DF6073F52091784 /* TertiaryCourses.app */,
			);
			name = Products;
			sourceTree = "<group>";
		};
/* End PBXGroup section */

/* Begin PBXNativeTarget section */
		E3115C3FA32C1DD7852DD145 /* TertiaryCourses */ = {
			isa = PBXNativeTarget;
			buildConfigurationList = 0F957A39902BBE2B1F3CC248 /* Build configuration list for PBXNativeTarget "TertiaryCourses" */;
			buildPhases = (
				36C77F60934B6A40E76DC500 /* Sources */,
				6F67EAA767DBA446E568A570 /* Resources */,
			);
			buildRules = (
			);
			dependencies = (
			);
			name = TertiaryCourses;
			packageProductDependencies = (
			);
			productName = TertiaryCourses;
			productReference = 392F6EDC7DF6073F52091784 /* TertiaryCourses.app */;
			productType = "com.apple.product-type.application";
		};
/* End PBXNativeTarget section */

/* Begin PBXProject section */
		576E0CFDCBA159C4148D23CA /* Project object */ = {
			isa = PBXProject;
			attributes = {
				BuildIndependentTargetsInParallel = YES;
				LastUpgradeCheck = 1430;
				TargetAttributes = {
					E3115C3FA32C1DD7852DD145 = {
						DevelopmentTeam = GU9WTSTX9M;
					};
				};
			};
			buildConfigurationList = BC9A9FB8E9D5C8BA9B01296B /* Build configuration list for PBXProject "TertiaryCourses" */;
			developmentRegion = en;
			hasScannedForEncodings = 0;
			knownRegions = (
				Base,
				en,
			);
			mainGroup = CCCE1AB56F63E01C642CDE7E;
			minimizedProjectReferenceProxies = 1;
			preferredProjectObjectVersion = 77;
			productRefGroup = F046941098FAC91361010C79 /* Products */;
			projectDirPath = "";
			projectRoot = "";
			targets = (
				E3115C3FA32C1DD7852DD145 /* TertiaryCourses */,
			);
		};
/* End PBXProject section */

/* Begin PBXResourcesBuildPhase section */
		6F67EAA767DBA446E568A570 /* Resources */ = {
			isa = PBXResourcesBuildPhase;
			buildActionMask = 2147483647;
			files = (
				C316CCAD47BC4E23570FD3BF /* Assets.xcassets in Resources */,
			);
			runOnlyForDeploymentPostprocessing = 0;
		};
/* End PBXResourcesBuildPhase section */

/* Begin PBXSourcesBuildPhase section */
		36C77F60934B6A40E76DC500 /* Sources */ = {
			isa = PBXSourcesBuildPhase;
			buildActionMask = 2147483647;
			files = (
				27FA8E5DEEB0D2212E31A7BD /* CatalogViews.swift in Sources */,
				1EA83F1FF208F115611A1F04 /* GrantCalculator.swift in Sources */,
				2DDCBBBF82EACAEEC064179D /* Models.swift in Sources */,
				1F93E8993DE9413CF3E068EC /* SupportViews.swift in Sources */,
				D1F5BF620867124FEA2D6605 /* TertiaryCoursesApp.swift in Sources */,
			);
			runOnlyForDeploymentPostprocessing = 0;
		};
/* End PBXSourcesBuildPhase section */

/* Begin XCBuildConfiguration section */
		22A14EB3B8B30F4B7152277C /* Release */ = {
			isa = XCBuildConfiguration;
			buildSettings = {
				ALWAYS_SEARCH_USER_PATHS = NO;
				CLANG_ANALYZER_NONNULL = YES;
				CLANG_ANALYZER_NUMBER_OBJECT_CONVERSION = YES_AGGRESSIVE;
				CLANG_CXX_LANGUAGE_STANDARD = "gnu++14";
				CLANG_CXX_LIBRARY = "libc++";
				CLANG_ENABLE_MODULES = YES;
				CLANG_ENABLE_OBJC_ARC = YES;
				CLANG_ENABLE_OBJC_WEAK = YES;
				CLANG_WARN_BLOCK_CAPTURE_AUTORELEASING = YES;
				CLANG_WARN_BOOL_CONVERSION = YES;
				CLANG_WARN_COMMA = YES;
				CLANG_WARN_CONSTANT_CONVERSION = YES;
				CLANG_WARN_DEPRECATED_OBJC_IMPLEMENTATIONS = YES;
				CLANG_WARN_DIRECT_OBJC_ISA_USAGE = YES_ERROR;
				CLANG_WARN_DOCUMENTATION_COMMENTS = YES;
				CLANG_WARN_EMPTY_BODY = YES;
				CLANG_WARN_ENUM_CONVERSION = YES;
				CLANG_WARN_INFINITE_RECURSION = YES;
				CLANG_WARN_INT_CONVERSION = YES;
				CLANG_WARN_NON_LITERAL_NULL_CONVERSION = YES;
				CLANG_WARN_OBJC_IMPLICIT_RETAIN_SELF = YES;
				CLANG_WARN_OBJC_LITERAL_CONVERSION = YES;
				CLANG_WARN_OBJC_ROOT_CLASS = YES_ERROR;
				CLANG_WARN_QUOTED_INCLUDE_IN_FRAMEWORK_HEADER = YES;
				CLANG_WARN_RANGE_LOOP_ANALYSIS = YES;
				CLANG_WARN_STRICT_PROTOTYPES = YES;
				CLANG_WARN_SUSPICIOUS_MOVE = YES;
				CLANG_WARN_UNGUARDED_AVAILABILITY = YES_AGGRESSIVE;
				CLANG_WARN_UNREACHABLE_CODE = YES;
				CLANG_WARN__DUPLICATE_METHOD_MATCH = YES;
				COPY_PHASE_STRIP = NO;
				CURRENT_PROJECT_VERSION = 2;
				DEBUG_INFORMATION_FORMAT = "dwarf-with-dsym";
				DEVELOPMENT_TEAM = GU9WTSTX9M;
				ENABLE_NS_ASSERTIONS = NO;
				ENABLE_STRICT_OBJC_MSGSEND = YES;
				GCC_C_LANGUAGE_STANDARD = gnu11;
				GCC_NO_COMMON_BLOCKS = YES;
				GCC_WARN_64_TO_32_BIT_CONVERSION = YES;
				GCC_WARN_ABOUT_RETURN_TYPE = YES_ERROR;
				GCC_WARN_UNDECLARED_SELECTOR = YES;
				GCC_WARN_UNINITIALIZED_AUTOS = YES_AGGRESSIVE;
				GCC_WARN_UNUSED_FUNCTION = YES;
				GCC_WARN_UNUSED_VARIABLE = YES;
				IPHONEOS_DEPLOYMENT_TARGET = 17.0;
				MARKETING_VERSION = 1.1;
				MTL_ENABLE_DEBUG_INFO = NO;
				MTL_FAST_MATH = YES;
				PRODUCT_NAME = "$(TARGET_NAME)";
				SDKROOT = iphoneos;
				SWIFT_COMPILATION_MODE = wholemodule;
				SWIFT_OPTIMIZATION_LEVEL = "-O";
				SWIFT_VERSION = 5.0;
			};
			name = Release;
		};
		AC81D708D2639A923872B8AC /* Release */ = {
			isa = XCBuildConfiguration;
			buildSettings = {
				ASSETCATALOG_COMPILER_APPICON_NAME = AppIcon;
				CODE_SIGN_IDENTITY = "iPhone Developer";
				INFOPLIST_FILE = TertiaryCoursesApp/Info.plist;
				INFOPLIST_KEY_UIApplicationSceneManifest_Generation = YES;
				INFOPLIST_KEY_UIApplicationSupportsIndirectInputEvents = YES;
				INFOPLIST_KEY_UILaunchScreen_Generation = YES;
				INFOPLIST_KEY_UISupportedInterfaceOrientations_iPhone = (
					UIInterfaceOrientationPortrait,
				);
				LD_RUNPATH_SEARCH_PATHS = (
					"$(inherited)",
					"@executable_path/Frameworks",
				);
				PRODUCT_BUNDLE_IDENTIFIER = com.tertiaryinfotech.tertiarycoursesapp;
				PRODUCT_NAME = "Tertiary Courses SG";
				SDKROOT = iphoneos;
				TARGETED_DEVICE_FAMILY = 1;
			};
			name = Release;
		};
		E1140497B4CFAE50E8AF9DAA /* Debug */ = {
			isa = XCBuildConfiguration;
			buildSettings = {
				ASSETCATALOG_COMPILER_APPICON_NAME = AppIcon;
				CODE_SIGN_IDENTITY = "iPhone Developer";
				INFOPLIST_FILE = TertiaryCoursesApp/Info.plist;
				INFOPLIST_KEY_UIApplicationSceneManifest_Generation = YES;
				INFOPLIST_KEY_UIApplicationSupportsIndirectInputEvents = YES;
				INFOPLIST_KEY_UILaunchScreen_Generation = YES;
				INFOPLIST_KEY_UISupportedInterfaceOrientations_iPhone = (
					UIInterfaceOrientationPortrait,
				);
				LD_RUNPATH_SEARCH_PATHS = (
					"$(inherited)",
					"@executable_path/Frameworks",
				);
				PRODUCT_BUNDLE_IDENTIFIER = com.tertiaryinfotech.tertiarycoursesapp;
				PRODUCT_NAME = "Tertiary Courses SG";
				SDKROOT = iphoneos;
				TARGETED_DEVICE_FAMILY = 1;
			};
			name = Debug;
		};
		E74314D6F4693AD647B79607 /* Debug */ = {
			isa = XCBuildConfiguration;
			buildSettings = {
				ALWAYS_SEARCH_USER_PATHS = NO;
				CLANG_ANALYZER_NONNULL = YES;
				CLANG_ANALYZER_NUMBER_OBJECT_CONVERSION = YES_AGGRESSIVE;
				CLANG_CXX_LANGUAGE_STANDARD = "gnu++14";
				CLANG_CXX_LIBRARY = "libc++";
				CLANG_ENABLE_MODULES = YES;
				CLANG_ENABLE_OBJC_ARC = YES;
				CLANG_ENABLE_OBJC_WEAK = YES;
				CLANG_WARN_BLOCK_CAPTURE_AUTORELEASING = YES;
				CLANG_WARN_BOOL_CONVERSION = YES;
				CLANG_WARN_COMMA = YES;
				CLANG_WARN_CONSTANT_CONVERSION = YES;
				CLANG_WARN_DEPRECATED_OBJC_IMPLEMENTATIONS = YES;
				CLANG_WARN_DIRECT_OBJC_ISA_USAGE = YES_ERROR;
				CLANG_WARN_DOCUMENTATION_COMMENTS = YES;
				CLANG_WARN_EMPTY_BODY = YES;
				CLANG_WARN_ENUM_CONVERSION = YES;
				CLANG_WARN_INFINITE_RECURSION = YES;
				CLANG_WARN_INT_CONVERSION = YES;
				CLANG_WARN_NON_LITERAL_NULL_CONVERSION = YES;
				CLANG_WARN_OBJC_IMPLICIT_RETAIN_SELF = YES;
				CLANG_WARN_OBJC_LITERAL_CONVERSION = YES;
				CLANG_WARN_OBJC_ROOT_CLASS = YES_ERROR;
				CLANG_WARN_QUOTED_INCLUDE_IN_FRAMEWORK_HEADER = YES;
				CLANG_WARN_RANGE_LOOP_ANALYSIS = YES;
				CLANG_WARN_STRICT_PROTOTYPES = YES;
				CLANG_WARN_SUSPICIOUS_MOVE = YES;
				CLANG_WARN_UNGUARDED_AVAILABILITY = YES_AGGRESSIVE;
				CLANG_WARN_UNREACHABLE_CODE = YES;
				CLANG_WARN__DUPLICATE_METHOD_MATCH = YES;
				COPY_PHASE_STRIP = NO;
				CURRENT_PROJECT_VERSION = 2;
				DEBUG_INFORMATION_FORMAT = dwarf;
				DEVELOPMENT_TEAM = GU9WTSTX9M;
				ENABLE_STRICT_OBJC_MSGSEND = YES;
				ENABLE_TESTABILITY = YES;
				GCC_C_LANGUAGE_STANDARD = gnu11;
				GCC_DYNAMIC_NO_PIC = NO;
				GCC_NO_COMMON_BLOCKS = YES;
				GCC_OPTIMIZATION_LEVEL = 0;
				GCC_PREPROCESSOR_DEFINITIONS = (
					"$(inherited)",
					"DEBUG=1",
				);
				GCC_WARN_64_TO_32_BIT_CONVERSION = YES;
				GCC_WARN_ABOUT_RETURN_TYPE = YES_ERROR;
				GCC_WARN_UNDECLARED_SELECTOR = YES;
				GCC_WARN_UNINITIALIZED_AUTOS = YES_AGGRESSIVE;
				GCC_WARN_UNUSED_FUNCTION = YES;
				GCC_WARN_UNUSED_VARIABLE = YES;
				IPHONEOS_DEPLOYMENT_TARGET = 17.0;
				MARKETING_VERSION = 1.1;
				MTL_ENABLE_DEBUG_INFO = INCLUDE_SOURCE;
				MTL_FAST_MATH = YES;
				ONLY_ACTIVE_ARCH = YES;
				PRODUCT_NAME = "$(TARGET_NAME)";
				SDKROOT = iphoneos;
				SWIFT_ACTIVE_COMPILATION_CONDITIONS = DEBUG;
				SWIFT_OPTIMIZATION_LEVEL = "-Onone";
				SWIFT_VERSION = 5.0;
			};
			name = Debug;
		};
/* End XCBuildConfiguration section */

/* Begin XCConfigurationList section */
		0F957A39902BBE2B1F3CC248 /* Build configuration list for PBXNativeTarget "TertiaryCourses" */ = {
			isa = XCConfigurationList;
			buildConfigurations = (
				E1140497B4CFAE50E8AF9DAA /* Debug */,
				AC81D708D2639A923872B8AC /* Release */,
			);
			defaultConfigurationIsVisible = 0;
			defaultConfigurationName = Debug;
		};
		BC9A9FB8E9D5C8BA9B01296B /* Build configuration list for PBXProject "TertiaryCourses" */ = {
			isa = XCConfigurationList;
			buildConfigurations = (
				E74314D6F4693AD647B79607 /* Debug */,
				22A14EB3B8B30F4B7152277C /* Release */,
			);
			defaultConfigurationIsVisible = 0;
			defaultConfigurationName = Debug;
		};
/* End XCConfigurationList section */
	};
	rootObject = 576E0CFDCBA159C4148D23CA /* Project object */;
}
